
Microsoft Visual Studio Solution File, Format Version 12.00
# Visual Studio Version 17
VisualStudioVersion = 17.14.36310.24
MinimumVisualStudioVersion = 10.0.40219.1
Project("{FAE04EC0-301F-11D3-BF4B-00C04F79EFBC}") = "Tumakov", "Tumakov\Tumakov.csproj", "{48F91141-7E1E-4C6B-857B-60D534990349}"
EndProject
Project("{FAE04EC0-301F-11D3-BF4B-00C04F79EFBC}") = "Practice", "Practice\Practice.csproj", "{2B05679A-9137-4243-AC54-0ACDB9CAE59A}"
EndProject
Global
	GlobalSection(SolutionConfigurationPlatforms) = preSolution
		Debug|Any CPU = Debug|Any CPU
		Release|Any CPU = Release|Any CPU
	EndGlobalSection
	GlobalSection(ProjectConfigurationPlatforms) = postSolution
		{48F91141-7E1E-4C6B-857B-60D534990349}.Debug|Any CPU.ActiveCfg = Debug|Any CPU
		{48F91141-7E1E-4C6B-857B-60D534990349}.Debug|Any CPU.Build.0 = Debug|Any CPU
		{48F91141-7E1E-4C6B-857B-60D534990349}.Release|Any CPU.ActiveCfg = Release|Any CPU
		{48F91141-7E1E-4C6B-857B-60D534990349}.Release|Any CPU.Build.0 = Release|Any CPU
		{2B05679A-9137-4243-AC54-0ACDB9CAE59A}.Debug|Any CPU.ActiveCfg = Debug|Any CPU
		{2B05679A-9137-4243-AC54-0ACDB9CAE59A}.Debug|Any CPU.Build.0 = Debug|Any CPU
		{2B05679A-9137-4243-AC54-0ACDB9CAE59A}.Release|Any CPU.ActiveCfg = Release|Any CPU
		{2B05679A-9137-4243-AC54-0ACDB9CAE59A}.Release|Any CPU.Build.0 = Release|Any CPU
	EndGlobalSection
	GlobalSection(SolutionProperties) = preSolution
		HideSolutionNode = FALSE
	EndGlobalSection
	GlobalSection(ExtensibilityGlobals) = postSolution
		SolutionGuid = {FD0FAACD-784F-4A54-8C19-6A1D2B68257A}
	EndGlobalSection
EndGlobal
